
Microsoft Visual Studio Solution File, Format Version 12.00
# Visual Studio Version 17
VisualStudioVersion = 17.0.32014.148
MinimumVisualStudioVersion = 10.0.40219.1
Project("{FAE04EC0-301F-11D3-BF4B-00C04F79EFBC}") = "TicTacToe", "TicTacToe\TicTacToe.csproj", "{860D170B-CE28-455E-BD50-DCD7D371E603}"
EndProject
Global
	GlobalSection(SolutionConfigurationPlatforms) = preSolution
		Debug|Any CPU = Debug|Any CPU
		Release|Any CPU = Release|Any CPU
	EndGlobalSection
	GlobalSection(ProjectConfigurationPlatforms) = postSolution
		{860D170B-CE28-455E-BD50-DCD7D371E603}.Debug|Any CPU.ActiveCfg = Debug|Any CPU
		{860D170B-CE28-455E-BD50-DCD7D371E603}.Debug|Any CPU.Build.0 = Debug|Any CPU
		{860D170B-CE28-455E-BD50-DCD7D371E603}.Release|Any CPU.ActiveCfg = Release|Any CPU
		{860D170B-CE28-455E-BD50-DCD7D371E603}.Release|Any CPU.Build.0 = Release|Any CPU
	EndGlobalSection
	GlobalSection(SolutionProperties) = preSolution
		HideSolutionNode = FALSE
	EndGlobalSection
	GlobalSection(ExtensibilityGlobals) = postSolution
		SolutionGuid = {C0ECBD28-6630-4554-808A-9C92BB437761}
	EndGlobalSection
EndGlobal
